// !$*UTF8*$!
{
	archiveVersion = 1;
	classes = {
	};
	objectVersion = 77;
	objects = {

/* Begin PBXBuildFile section */
		D32532C22ECC796400D3E3A0 /* MultiCamCommon in Frameworks */ = {isa = PBXBuildFile; productRef = D32532C12ECC796400D3E3A0 /* MultiCamCommon */; };
		D3CCF5602EA0BE6800221555 /* MultiCamCommon in Frameworks */ = {isa = PBXBuildFile; productRef = D3CCF55F2EA0BE6800221555 /* MultiCamCommon */; };
		D3CCF5632EA0BEDB00221555 /* MultiCamCommon in Frameworks */ = {isa = PBXBuildFile; productRef = D3CCF5622EA0BEDB00221555 /* MultiCamCommon */; };
		D3CCF5662EA0C3D900221555 /* AWSS3 in Frameworks */ = {isa = PBXBuildFile; productRef = D3CCF5652EA0C3D900221555 /* AWSS3 */; };
/* End PBXBuildFile section */

/* Begin PBXContainerItemProxy section */
		D30BF62B2E5AD714007CEC16 /* PBXContainerItemProxy */ = {
			isa = PBXContainerItemProxy;
			containerPortal = D30BF6122E5AD711007CEC16 /* Project object */;
			proxyType = 1;
			remoteGlobalIDString = D30BF6192E5AD711007CEC16;
			remoteInfo = multiCam;
		};
		D30BF6352E5AD714007CEC16 /* PBXContainerItemProxy */ = {
			isa = PBXContainerItemProxy;
			containerPortal = D30BF6122E5AD711007CEC16 /* Project object */;
			proxyType = 1;
			remoteGlobalIDString = D30BF6192E5AD711007CEC16;
			remoteInfo = multiCam;
		};
/* End PBXContainerItemProxy section */

/* Begin PBXFileReference section */
		D30BF61A2E5AD711007CEC16 /* multiCam.app */ = {isa = PBXFileReference; explicitFileType = wrapper.application; includeInIndex = 0; path = multiCam.app; sourceTree = BUILT_PRODUCTS_DIR; };
		D30BF62A2E5AD714007CEC16 /* multiCamTests.xctest */ = {isa = PBXFileReference; explicitFileType = wrapper.cfbundle; includeInIndex = 0; path = multiCamTests.xctest; sourceTree = BUILT_PRODUCTS_DIR; };
		D30BF6342E5AD714007CEC16 /* multiCamUITests.xctest */ = {isa = PBXFileReference; explicitFileType = wrapper.cfbundle; includeInIndex = 0; path = multiCamUITests.xctest; sourceTree = BUILT_PRODUCTS_DIR; };
/* End PBXFileReference section */

/* Begin PBXFileSystemSynchronizedBuildFileExceptionSet section */
		D30BF64C2E5ADB8E007CEC16 /* Exceptions for "multiCam" folder in "multiCam" target */ = {
			isa = PBXFileSystemSynchronizedBuildFileExceptionSet;
			membershipExceptions = (
				Info.plist,
			);
			target = D30BF6192E5AD711007CEC16 /* multiCam */;
		};
/* End PBXFileSystemSynchronizedBuildFileExceptionSet section */

/* Begin PBXFileSystemSynchronizedRootGroup section */
		D30BF61C2E5AD711007CEC16 /* multiCam */ = {
			isa = PBXFileSystemSynchronizedRootGroup;
			exceptions = (
				D30BF64C2E5ADB8E007CEC16 /* Exceptions for "multiCam" folder in "multiCam" target */,
			);
			path = multiCam;
			sourceTree = "<group>";
		};
		D30BF62D2E5AD714007CEC16 /* multiCamTests */ = {
			isa = PBXFileSystemSynchronizedRootGroup;
			path = multiCamTests;
			sourceTree = "<group>";
		};
		D30BF6372E5AD714007CEC16 /* multiCamUITests */ = {
			isa = PBXFileSystemSynchronizedRootGroup;
			path = multiCamUITests;
			sourceTree = "<group>";
		};
/* End PBXFileSystemSynchronizedRootGroup section */

/* Begin PBXFrameworksBuildPhase section */
		D30BF6172E5AD711007CEC16 /* Frameworks */ = {
			isa = PBXFrameworksBuildPhase;
			buildActionMask = 2147483647;
			files = (
				D3CCF5662EA0C3D900221555 /* AWSS3 in Frameworks */,
				D3CCF5602EA0BE6800221555 /* MultiCamCommon in Frameworks */,
				D3CCF5632EA0BEDB00221555 /* MultiCamCommon in Frameworks */,
				D32532C22ECC796400D3E3A0 /* MultiCamCommon in Frameworks */,
			);
			runOnlyForDeploymentPostprocessing = 0;
		};
		D30BF6272E5AD714007CEC16 /* Frameworks */ = {
			isa = PBXFrameworksBuildPhase;
			buildActionMask = 2147483647;
			files = (
			);
			runOnlyForDeploymentPostprocessing = 0;
		};
		D30BF6312E5AD714007CEC16 /* Frameworks */ = {
			isa = PBXFrameworksBuildPhase;
			buildActionMask = 2147483647;
			files = (
			);
			runOnlyForDeploymentPostprocessing = 0;
		};
/* End PBXFrameworksBuildPhase section */

/* Begin PBXGroup section */
		D30BF6112E5AD711007CEC16 = {
			isa = PBXGroup;
			children = (
				D30BF61C2E5AD711007CEC16 /* multiCam */,
				D30BF62D2E5AD714007CEC16 /* multiCamTests */,
				D30BF6372E5AD714007CEC16 /* multiCamUITests */,
				D30BF61B2E5AD711007CEC16 /* Products */,
			);
			sourceTree = "<group>";
		};
		D30BF61B2E5AD711007CEC16 /* Products */ = {
			isa = PBXGroup;
			children = (
				D30BF61A2E5AD711007CEC16 /* multiCam.app */,
				D30BF62A2E5AD714007CEC16 /* multiCamTests.xctest */,
				D30BF6342E5AD714007CEC16 /* multiCamUITests.xctest */,
			);
			name = Products;
			sourceTree = "<group>";
		};
/* End PBXGroup section */

/* Begin PBXNativeTarget section */
		D30BF6192E5AD711007CEC16 /* multiCam */ = {
			isa = PBXNativeTarget;
			buildConfigurationList = D30BF63E2E5AD714007CEC16 /* Build configuration list for PBXNativeTarget "multiCam" */;
			buildPhases = (
				D30BF6162E5AD711007CEC16 /* Sources */,
				D30BF6172E5AD711007CEC16 /* Frameworks */,
				D30BF6182E5AD711007CEC16 /* Resources */,
			);
			buildRules = (
			);
			dependencies = (
			);
			fileSystemSynchronizedGroups = (
				D30BF61C2E5AD711007CEC16 /* multiCam */,
			);
			name = multiCam;
			packageProductDependencies = (
				D3CCF55F2EA0BE6800221555 /* MultiCamCommon */,
				D3CCF5622EA0BEDB00221555 /* MultiCamCommon */,
				D3CCF5652EA0C3D900221555 /* AWSS3 */,
				D32532C12ECC796400D3E3A0 /* MultiCamCommon */,
			);
			productName = multiCam;
			productReference = D30BF61A2E5AD711007CEC16 /* multiCam.app */;
			productType = "com.apple.product-type.application";
		};
		D30BF6292E5AD714007CEC16 /* multiCamTests */ = {
			isa = PBXNativeTarget;
			buildConfigurationList = D30BF6412E5AD714007CEC16 /* Build configuration list for PBXNativeTarget "multiCamTests" */;
			buildPhases = (
				D30BF6262E5AD714007CEC16 /* Sources */,
				D30BF6272E5AD714007CEC16 /* Frameworks */,
				D30BF6282E5AD714007CEC16 /* Resources */,
			);
			buildRules = (
			);
			dependencies = (
				D30BF62C2E5AD714007CEC16 /* PBXTargetDependency */,
			);
			fileSystemSynchronizedGroups = (
				D30BF62D2E5AD714007CEC16 /* multiCamTests */,
			);
			name = multiCamTests;
			packageProductDependencies = (
			);
			productName = multiCamTests;
			productReference = D30BF62A2E5AD714007CEC16 /* multiCamTests.xctest */;
			productType = "com.apple.product-type.bundle.unit-test";
		};
		D30BF6332E5AD714007CEC16 /* multiCamUITests */ = {
			isa = PBXNativeTarget;
			buildConfigurationList = D30BF6442E5AD714007CEC16 /* Build configuration list for PBXNativeTarget "multiCamUITests" */;
			buildPhases = (
				D30BF6302E5AD714007CEC16 /* Sources */,
				D30BF6312E5AD714007CEC16 /* Frameworks */,
				D30BF6322E5AD714007CEC16 /* Resources */,
			);
			buildRules = (
			);
			dependencies = (
				D30BF6362E5AD714007CEC16 /* PBXTargetDependency */,
			);
			fileSystemSynchronizedGroups = (
				D30BF6372E5AD714007CEC16 /* multiCamUITests */,
			);
			name = multiCamUITests;
			packageProductDependencies = (
			);
			productName = multiCamUITests;
			productReference = D30BF6342E5AD714007CEC16 /* multiCamUITests.xctest */;
			productType = "com.apple.product-type.bundle.ui-testing";
		};
/* End PBXNativeTarget section */

/* Begin PBXProject section */
		D30BF6122E5AD711007CEC16 /* Project object */ = {
			isa = PBXProject;
			attributes = {
				BuildIndependentTargetsInParallel = 1;
				LastSwiftUpdateCheck = 1620;
				LastUpgradeCheck = 1620;
				TargetAttributes = {
					D30BF6192E5AD711007CEC16 = {
						CreatedOnToolsVersion = 16.2;
					};
					D30BF6292E5AD714007CEC16 = {
						CreatedOnToolsVersion = 16.2;
						TestTargetID = D30BF6192E5AD711007CEC16;
					};
					D30BF6332E5AD714007CEC16 = {
						CreatedOnToolsVersion = 16.2;
						TestTargetID = D30BF6192E5AD711007CEC16;
					};
				};
			};
			buildConfigurationList = D30BF6152E5AD711007CEC16 /* Build configuration list for PBXProject "multiCam" */;
			developmentRegion = en;
			hasScannedForEncodings = 0;
			knownRegions = (
				en,
				Base,
			);
			mainGroup = D30BF6112E5AD711007CEC16;
			minimizedProjectReferenceProxies = 1;
			packageReferences = (
				D3CCF5612EA0BEDB00221555 /* XCLocalSwiftPackageReference "../multiCamCommon/swift" */,
				D3CCF5642EA0C3D900221555 /* XCRemoteSwiftPackageReference "aws-sdk-swift" */,
			);
			preferredProjectObjectVersion = 77;
			productRefGroup = D30BF61B2E5AD711007CEC16 /* Products */;
			projectDirPath = "";
			projectRoot = "";
			targets = (
				D30BF6192E5AD711007CEC16 /* multiCam */,
				D30BF6292E5AD714007CEC16 /* multiCamTests */,
				D30BF6332E5AD714007CEC16 /* multiCamUITests */,
			);
		};
/* End PBXProject section */

/* Begin PBXResourcesBuildPhase section */
		D30BF6182E5AD711007CEC16 /* Resources */ = {
			isa = PBXResourcesBuildPhase;
			buildActionMask = 2147483647;
			files = (
			);
			runOnlyForDeploymentPostprocessing = 0;
		};
		D30BF6282E5AD714007CEC16 /* Resources */ = {
			isa = PBXResourcesBuildPhase;
			buildActionMask = 2147483647;
			files = (
			);
			runOnlyForDeploymentPostprocessing = 0;
		};
		D30BF6322E5AD714007CEC16 /* Resources */ = {
			isa = PBXResourcesBuildPhase;
			buildActionMask = 2147483647;
			files = (
			);
			runOnlyForDeploymentPostprocessing = 0;
		};
/* End PBXResourcesBuildPhase section */

/* Begin PBXSourcesBuildPhase section */
		D30BF6162E5AD711007CEC16 /* Sources */ = {
			isa = PBXSourcesBuildPhase;
			buildActionMask = 2147483647;
			files = (
			);
			runOnlyForDeploymentPostprocessing = 0;
		};
		D30BF6262E5AD714007CEC16 /* Sources */ = {
			isa = PBXSourcesBuildPhase;
			buildActionMask = 2147483647;
			files = (
			);
			runOnlyForDeploymentPostprocessing = 0;
		};
		D30BF6302E5AD714007CEC16 /* Sources */ = {
			isa = PBXSourcesBuildPhase;
			buildActionMask = 2147483647;
			files = (
			);
			runOnlyForDeploymentPostprocessing = 0;
		};
/* End PBXSourcesBuildPhase section */

/* Begin PBXTargetDependency section */
		D30BF62C2E5AD714007CEC16 /* PBXTargetDependency */ = {
			isa = PBXTargetDependency;
			target = D30BF6192E5AD711007CEC16 /* multiCam */;
			targetProxy = D30BF62B2E5AD714007CEC16 /* PBXContainerItemProxy */;
		};
		D30BF6362E5AD714007CEC16 /* PBXTargetDependency */ = {
			isa = PBXTargetDependency;
			target = D30BF6192E5AD711007CEC16 /* multiCam */;
			targetProxy = D30BF6352E5AD714007CEC16 /* PBXContainerItemProxy */;
		};
/* End PBXTargetDependency section */

/* Begin XCBuildConfiguration section */
		D30BF63C2E5AD714007CEC16 /* Debug */ = {
			isa = XCBuildConfiguration;
			buildSettings = {
				ALWAYS_SEARCH_USER_PATHS = NO;
				ASSETCATALOG_COMPILER_GENERATE_SWIFT_ASSET_SYMBOL_EXTENSIONS = YES;
				CLANG_ANALYZER_NONNULL = YES;
				CLANG_ANALYZER_NUMBER_OBJECT_CONVERSION = YES_AGGRESSIVE;
				CLANG_CXX_LANGUAGE_STANDARD = "gnu++20";
				CLANG_ENABLE_MODULES = YES;
				CLANG_ENABLE_OBJC_ARC = YES;
				CLANG_ENABLE_OBJC_WEAK = YES;
				CLANG_WARN_BLOCK_CAPTURE_AUTORELEASING = YES;
				CLANG_WARN_BOOL_CONVERSION = YES;
				CLANG_WARN_COMMA = YES;
				CLANG_WARN_CONSTANT_CONVERSION = YES;
				CLANG_WARN_DEPRECATED_OBJC_IMPLEMENTATIONS = YES;
				CLANG_WARN_DIRECT_OBJC_ISA_USAGE = YES_ERROR;
				CLANG_WARN_DOCUMENTATION_COMMENTS = YES;
				CLANG_WARN_EMPTY_BODY = YES;
				CLANG_WARN_ENUM_CONVERSION = YES;
				CLANG_WARN_INFINITE_RECURSION = YES;
				CLANG_WARN_INT_CONVERSION = YES;
				CLANG_WARN_NON_LITERAL_NULL_CONVERSION = YES;
				CLANG_WARN_OBJC_IMPLICIT_RETAIN_SELF = YES;
				CLANG_WARN_OBJC_LITERAL_CONVERSION = YES;
				CLANG_WARN_OBJC_ROOT_CLASS = YES_ERROR;
				CLANG_WARN_QUOTED_INCLUDE_IN_FRAMEWORK_HEADER = YES;
				CLANG_WARN_RANGE_LOOP_ANALYSIS = YES;
				CLANG_WARN_STRICT_PROTOTYPES = YES;
				CLANG_WARN_SUSPICIOUS_MOVE = YES;
				CLANG_WARN_UNGUARDED_AVAILABILITY = YES_AGGRESSIVE;
				CLANG_WARN_UNREACHABLE_CODE = YES;
				CLANG_WARN__DUPLICATE_METHOD_MATCH = YES;
				COPY_PHASE_STRIP = NO;
				DEBUG_INFORMATION_FORMAT = dwarf;
				ENABLE_STRICT_OBJC_MSGSEND = YES;
				ENABLE_TESTABILITY = YES;
				ENABLE_USER_SCRIPT_SANDBOXING = YES;
				GCC_C_LANGUAGE_STANDARD = gnu17;
				GCC_DYNAMIC_NO_PIC = NO;
				GCC_NO_COMMON_BLOCKS = YES;
				GCC_OPTIMIZATION_LEVEL = 0;
				GCC_PREPROCESSOR_DEFINITIONS = (
					"DEBUG=1",
					"$(inherited)",
				);
				GCC_WARN_64_TO_32_BIT_CONVERSION = YES;
				GCC_WARN_ABOUT_RETURN_TYPE = YES_ERROR;
				GCC_WARN_UNDECLARED_SELECTOR = YES;
				GCC_WARN_UNINITIALIZED_AUTOS = YES_AGGRESSIVE;
				GCC_WARN_UNUSED_FUNCTION = YES;
				GCC_WARN_UNUSED_VARIABLE = YES;
				IPHONEOS_DEPLOYMENT_TARGET = 18.2;
				LOCALIZATION_PREFERS_STRING_CATALOGS = YES;
				MTL_ENABLE_DEBUG_INFO = INCLUDE_SOURCE;
				MTL_FAST_MATH = YES;
				ONLY_ACTIVE_ARCH = YES;
				SDKROOT = iphoneos;
				SWIFT_ACTIVE_COMPILATION_CONDITIONS = "DEBUG $(inherited)";
				SWIFT_OPTIMIZATION_LEVEL = "-Onone";
			};
			name = Debug;
		};
		D30BF63D2E5AD714007CEC16 /* Release */ = {
			isa = XCBuildConfiguration;
			buildSettings = {
				ALWAYS_SEARCH_USER_PATHS = NO;
				ASSETCATALOG_COMPILER_GENERATE_SWIFT_ASSET_SYMBOL_EXTENSIONS = YES;
				CLANG_ANALYZER_NONNULL = YES;
				CLANG_ANALYZER_NUMBER_OBJECT_CONVERSION = YES_AGGRESSIVE;
				CLANG_CXX_LANGUAGE_STANDARD = "gnu++20";
				CLANG_ENABLE_MODULES = YES;
				CLANG_ENABLE_OBJC_ARC = YES;
				CLANG_ENABLE_OBJC_WEAK = YES;
				CLANG_WARN_BLOCK_CAPTURE_AUTORELEASING = YES;
				CLANG_WARN_BOOL_CONVERSION = YES;
				CLANG_WARN_COMMA = YES;
				CLANG_WARN_CONSTANT_CONVERSION = YES;
				CLANG_WARN_DEPRECATED_OBJC_IMPLEMENTATIONS = YES;
				CLANG_WARN_DIRECT_OBJC_ISA_USAGE = YES_ERROR;
				CLANG_WARN_DOCUMENTATION_COMMENTS = YES;
				CLANG_WARN_EMPTY_BODY = YES;
				CLANG_WARN_ENUM_CONVERSION = YES;
				CLANG_WARN_INFINITE_RECURSION = YES;
				CLANG_WARN_INT_CONVERSION = YES;
				CLANG_WARN_NON_LITERAL_NULL_CONVERSION = YES;
				CLANG_WARN_OBJC_IMPLICIT_RETAIN_SELF = YES;
				CLANG_WARN_OBJC_LITERAL_CONVERSION = YES;
				CLANG_WARN_OBJC_ROOT_CLASS = YES_ERROR;
				CLANG_WARN_QUOTED_INCLUDE_IN_FRAMEWORK_HEADER = YES;
				CLANG_WARN_RANGE_LOOP_ANALYSIS = YES;
				CLANG_WARN_STRICT_PROTOTYPES = YES;
				CLANG_WARN_SUSPICIOUS_MOVE = YES;
				CLANG_WARN_UNGUARDED_AVAILABILITY = YES_AGGRESSIVE;
				CLANG_WARN_UNREACHABLE_CODE = YES;
				CLANG_WARN__DUPLICATE_METHOD_MATCH = YES;
				COPY_PHASE_STRIP = NO;
				DEBUG_INFORMATION_FORMAT = "dwarf-with-dsym";
				ENABLE_NS_ASSERTIONS = NO;
				ENABLE_STRICT_OBJC_MSGSEND = YES;
				ENABLE_USER_SCRIPT_SANDBOXING = YES;
				GCC_C_LANGUAGE_STANDARD = gnu17;
				GCC_NO_COMMON_BLOCKS = YES;
				GCC_WARN_64_TO_32_BIT_CONVERSION = YES;
				GCC_WARN_ABOUT_RETURN_TYPE = YES_ERROR;
				GCC_WARN_UNDECLARED_SELECTOR = YES;
				GCC_WARN_UNINITIALIZED_AUTOS = YES_AGGRESSIVE;
				GCC_WARN_UNUSED_FUNCTION = YES;
				GCC_WARN_UNUSED_VARIABLE = YES;
				IPHONEOS_DEPLOYMENT_TARGET = 18.2;
				LOCALIZATION_PREFERS_STRING_CATALOGS = YES;
				MTL_ENABLE_DEBUG_INFO = NO;
				MTL_FAST_MATH = YES;
				SDKROOT = iphoneos;
				SWIFT_COMPILATION_MODE = wholemodule;
				VALIDATE_PRODUCT = YES;
			};
			name = Release;
		};
		D30BF63F2E5AD714007CEC16 /* Debug */ = {
			isa = XCBuildConfiguration;
			buildSettings = {
				ASSETCATALOG_COMPILER_APPICON_NAME = AppIcon;
				ASSETCATALOG_COMPILER_GLOBAL_ACCENT_COLOR_NAME = AccentColor;
				CODE_SIGN_STYLE = Automatic;
				CURRENT_PROJECT_VERSION = 2;
				DEVELOPMENT_ASSET_PATHS = "\"multiCam/Preview Content\"";
				DEVELOPMENT_TEAM = 8Y4V3CEE24;
				ENABLE_PREVIEWS = YES;
				GENERATE_INFOPLIST_FILE = YES;
				INFOPLIST_FILE = multiCam/Info.plist;
				INFOPLIST_KEY_LSApplicationCategoryType = "public.app-category.business";
				INFOPLIST_KEY_NSCameraUsageDescription = "This app needs camera access to record synchronized multi-device videos.";
				INFOPLIST_KEY_NSLocalNetworkUsageDescription = "This app needs local network access to coordinate synchronized recording between multiple devices.";
				INFOPLIST_KEY_NSMicrophoneUsageDescription = "This app needs microphone access to record audio along with the video.";
				INFOPLIST_KEY_UIApplicationSceneManifest_Generation = YES;
				INFOPLIST_KEY_UIApplicationSupportsIndirectInputEvents = YES;
				INFOPLIST_KEY_UILaunchScreen_Generation = YES;
				INFOPLIST_KEY_UISupportedInterfaceOrientations = "UIInterfaceOrientationLandscapeLeft UIInterfaceOrientationLandscapeRight";
				IPHONEOS_DEPLOYMENT_TARGET = 15.6;
				LD_RUNPATH_SEARCH_PATHS = (
					"$(inherited)",
					"@executable_path/Frameworks",
				);
				MARKETING_VERSION = 1.2.0;
				PRODUCT_BUNDLE_IDENTIFIER = com.emve.multiCam;
				PRODUCT_NAME = "$(TARGET_NAME)";
				SUPPORTED_PLATFORMS = "iphoneos iphonesimulator";
				SUPPORTS_MACCATALYST = NO;
				SUPPORTS_MAC_DESIGNED_FOR_IPHONE_IPAD = NO;
				SUPPORTS_XR_DESIGNED_FOR_IPHONE_IPAD = NO;
				SWIFT_EMIT_LOC_STRINGS = YES;
				SWIFT_VERSION = 5.0;
				TARGETED_DEVICE_FAMILY = 1;
			};
			name = Debug;
		};
		D30BF6402E5AD714007CEC16 /* Release */ = {
			isa = XCBuildConfiguration;
			buildSettings = {
				ASSETCATALOG_COMPILER_APPICON_NAME = AppIcon;
				ASSETCATALOG_COMPILER_GLOBAL_ACCENT_COLOR_NAME = AccentColor;
				CODE_SIGN_STYLE = Automatic;
				CURRENT_PROJECT_VERSION = 2;
				DEVELOPMENT_ASSET_PATHS = "\"multiCam/Preview Content\"";
				DEVELOPMENT_TEAM = 8Y4V3CEE24;
				ENABLE_PREVIEWS = YES;
				GENERATE_INFOPLIST_FILE = YES;
				INFOPLIST_FILE = multiCam/Info.plist;
				INFOPLIST_KEY_LSApplicationCategoryType = "public.app-category.business";
				INFOPLIST_KEY_NSCameraUsageDescription = "This app needs camera access to record synchronized multi-device videos.";
				INFOPLIST_KEY_NSLocalNetworkUsageDescription = "This app needs local network access to coordinate synchronized recording between multiple devices.";
				INFOPLIST_KEY_NSMicrophoneUsageDescription = "This app needs microphone access to record audio along with the video.";
				INFOPLIST_KEY_UIApplicationSceneManifest_Generation = YES;
				INFOPLIST_KEY_UIApplicationSupportsIndirectInputEvents = YES;
				INFOPLIST_KEY_UILaunchScreen_Generation = YES;
				INFOPLIST_KEY_UISupportedInterfaceOrientations = "UIInterfaceOrientationLandscapeLeft UIInterfaceOrientationLandscapeRight";
				IPHONEOS_DEPLOYMENT_TARGET = 15.6;
				LD_RUNPATH_SEARCH_PATHS = (
					"$(inherited)",
					"@executable_path/Frameworks",
				);
				MARKETING_VERSION = 1.2.0;
				PRODUCT_BUNDLE_IDENTIFIER = com.emve.multiCam;
				PRODUCT_NAME = "$(TARGET_NAME)";
				SUPPORTED_PLATFORMS = "iphoneos iphonesimulator";
				SUPPORTS_MACCATALYST = NO;
				SUPPORTS_MAC_DESIGNED_FOR_IPHONE_IPAD = NO;
				SUPPORTS_XR_DESIGNED_FOR_IPHONE_IPAD = NO;
				SWIFT_EMIT_LOC_STRINGS = YES;
				SWIFT_VERSION = 5.0;
				TARGETED_DEVICE_FAMILY = 1;
			};
			name = Release;
		};
		D30BF6422E5AD714007CEC16 /* Debug */ = {
			isa = XCBuildConfiguration;
			buildSettings = {
				BUNDLE_LOADER = "$(TEST_HOST)";
				CODE_SIGN_STYLE = Automatic;
				CURRENT_PROJECT_VERSION = 1;
				GENERATE_INFOPLIST_FILE = YES;
				IPHONEOS_DEPLOYMENT_TARGET = 18.2;
				MARKETING_VERSION = 1.0;
				PRODUCT_BUNDLE_IDENTIFIER = com.emve.multiCamTests;
				PRODUCT_NAME = "$(TARGET_NAME)";
				SWIFT_EMIT_LOC_STRINGS = NO;
				SWIFT_VERSION = 5.0;
				TARGETED_DEVICE_FAMILY = "1,2";
				TEST_HOST = "$(BUILT_PRODUCTS_DIR)/multiCam.app/$(BUNDLE_EXECUTABLE_FOLDER_PATH)/multiCam";
			};
			name = Debug;
		};
		D30BF6432E5AD714007CEC16 /* Release */ = {
			isa = XCBuildConfiguration;
			buildSettings = {
				BUNDLE_LOADER = "$(TEST_HOST)";
				CODE_SIGN_STYLE = Automatic;
				CURRENT_PROJECT_VERSION = 1;
				GENERATE_INFOPLIST_FILE = YES;
				IPHONEOS_DEPLOYMENT_TARGET = 18.2;
				MARKETING_VERSION = 1.0;
				PRODUCT_BUNDLE_IDENTIFIER = com.emve.multiCamTests;
				PRODUCT_NAME = "$(TARGET_NAME)";
				SWIFT_EMIT_LOC_STRINGS = NO;
				SWIFT_VERSION = 5.0;
				TARGETED_DEVICE_FAMILY = "1,2";
				TEST_HOST = "$(BUILT_PRODUCTS_DIR)/multiCam.app/$(BUNDLE_EXECUTABLE_FOLDER_PATH)/multiCam";
			};
			name = Release;
		};
		D30BF6452E5AD714007CEC16 /* Debug */ = {
			isa = XCBuildConfiguration;
			buildSettings = {
				CODE_SIGN_STYLE = Automatic;
				CURRENT_PROJECT_VERSION = 1;
				GENERATE_INFOPLIST_FILE = YES;
				MARKETING_VERSION = 1.0;
				PRODUCT_BUNDLE_IDENTIFIER = com.emve.multiCamUITests;
				PRODUCT_NAME = "$(TARGET_NAME)";
				SWIFT_EMIT_LOC_STRINGS = NO;
				SWIFT_VERSION = 5.0;
				TARGETED_DEVICE_FAMILY = "1,2";
				TEST_TARGET_NAME = multiCam;
			};
			name = Debug;
		};
		D30BF6462E5AD714007CEC16 /* Release */ = {
			isa = XCBuildConfiguration;
			buildSettings = {
				CODE_SIGN_STYLE = Automatic;
				CURRENT_PROJECT_VERSION = 1;
				GENERATE_INFOPLIST_FILE = YES;
				MARKETING_VERSION = 1.0;
				PRODUCT_BUNDLE_IDENTIFIER = com.emve.multiCamUITests;
				PRODUCT_NAME = "$(TARGET_NAME)";
				SWIFT_EMIT_LOC_STRINGS = NO;
				SWIFT_VERSION = 5.0;
				TARGETED_DEVICE_FAMILY = "1,2";
				TEST_TARGET_NAME = multiCam;
			};
			name = Release;
		};
/* End XCBuildConfiguration section */

/* Begin XCConfigurationList section */
		D30BF6152E5AD711007CEC16 /* Build configuration list for PBXProject "multiCam" */ = {
			isa = XCConfigurationList;
			buildConfigurations = (
				D30BF63C2E5AD714007CEC16 /* Debug */,
				D30BF63D2E5AD714007CEC16 /* Release */,
			);
			defaultConfigurationIsVisible = 0;
			defaultConfigurationName = Release;
		};
		D30BF63E2E5AD714007CEC16 /* Build configuration list for PBXNativeTarget "multiCam" */ = {
			isa = XCConfigurationList;
			buildConfigurations = (
				D30BF63F2E5AD714007CEC16 /* Debug */,
				D30BF6402E5AD714007CEC16 /* Release */,
			);
			defaultConfigurationIsVisible = 0;
			defaultConfigurationName = Release;
		};
		D30BF6412E5AD714007CEC16 /* Build configuration list for PBXNativeTarget "multiCamTests" */ = {
			isa = XCConfigurationList;
			buildConfigurations = (
				D30BF6422E5AD714007CEC16 /* Debug */,
				D30BF6432E5AD714007CEC16 /* Release */,
			);
			defaultConfigurationIsVisible = 0;
			defaultConfigurationName = Release;
		};
		D30BF6442E5AD714007CEC16 /* Build configuration list for PBXNativeTarget "multiCamUITests" */ = {
			isa = XCConfigurationList;
			buildConfigurations = (
				D30BF6452E5AD714007CEC16 /* Debug */,
				D30BF6462E5AD714007CEC16 /* Release */,
			);
			defaultConfigurationIsVisible = 0;
			defaultConfigurationName = Release;
		};
/* End XCConfigurationList section */

/* Begin XCLocalSwiftPackageReference section */
		D3CCF5612EA0BEDB00221555 /* XCLocalSwiftPackageReference "../multiCamCommon/swift" */ = {
			isa = XCLocalSwiftPackageReference;
			relativePath = ../multiCamCommon/swift;
		};
/* End XCLocalSwiftPackageReference section */

/* Begin XCRemoteSwiftPackageReference section */
		D3CCF5642EA0C3D900221555 /* XCRemoteSwiftPackageReference "aws-sdk-swift" */ = {
			isa = XCRemoteSwiftPackageReference;
			repositoryURL = "https://github.com/awslabs/aws-sdk-swift";
			requirement = {
				kind = upToNextMajorVersion;
				minimumVersion = 1.5.64;
			};
		};
/* End XCRemoteSwiftPackageReference section */

/* Begin XCSwiftPackageProductDependency section */
		D32532C12ECC796400D3E3A0 /* MultiCamCommon */ = {
			isa = XCSwiftPackageProductDependency;
			productName = MultiCamCommon;
		};
		D3CCF55F2EA0BE6800221555 /* MultiCamCommon */ = {
			isa = XCSwiftPackageProductDependency;
			productName = MultiCamCommon;
		};
		D3CCF5622EA0BEDB00221555 /* MultiCamCommon */ = {
			isa = XCSwiftPackageProductDependency;
			productName = MultiCamCommon;
		};
		D3CCF5652EA0C3D900221555 /* AWSS3 */ = {
			isa = XCSwiftPackageProductDependency;
			package = D3CCF5642EA0C3D900221555 /* XCRemoteSwiftPackageReference "aws-sdk-swift" */;
			productName = AWSS3;
		};
/* End XCSwiftPackageProductDependency section */
	};
	rootObject = D30BF6122E5AD711007CEC16 /* Project object */;
}
